
Microsoft Visual Studio Solution File, Format Version 12.00
# Visual Studio Version 16
VisualStudioVersion = 16.0.31025.194
MinimumVisualStudioVersion = 10.0.40219.1
Project("{FAE04EC0-301F-11D3-BF4B-00C04F79EFBC}") = "Lab2.1_course2", "Lab2.1_course2\Lab2.1_course2.csproj", "{201257DB-429D-4A43-94AE-3E2C6FAD1F55}"
EndProject
Global
	GlobalSection(SolutionConfigurationPlatforms) = preSolution
		Debug|Any CPU = Debug|Any CPU
		Release|Any CPU = Release|Any CPU
	EndGlobalSection
	GlobalSection(ProjectConfigurationPlatforms) = postSolution
		{201257DB-429D-4A43-94AE-3E2C6FAD1F55}.Debug|Any CPU.ActiveCfg = Debug|Any CPU
		{201257DB-429D-4A43-94AE-3E2C6FAD1F55}.Debug|Any CPU.Build.0 = Debug|Any CPU
		{201257DB-429D-4A43-94AE-3E2C6FAD1F55}.Release|Any CPU.ActiveCfg = Release|Any CPU
		{201257DB-429D-4A43-94AE-3E2C6FAD1F55}.Release|Any CPU.Build.0 = Release|Any CPU
	EndGlobalSection
	GlobalSection(SolutionProperties) = preSolution
		HideSolutionNode = FALSE
	EndGlobalSection
	GlobalSection(ExtensibilityGlobals) = postSolution
		SolutionGuid = {21393BB5-2C44-4353-8CBE-9117EE0BF013}
	EndGlobalSection
EndGlobal
